dependencies:
- name: kibana
  repository: https://helm.elastic.co
  version: 7.4.1
- name: elasticsearch
  repository: https://helm.elastic.co
  version: 7.4.1
- name: fluentd
  repository: https://kubernetes-charts.storage.googleapis.com/
  version: 2.3.2
digest: sha256:c312a9126c8be506d5ea606651e4e34cbcd5000ed27c9009a0b41116b1b960c7
generated: "2019-12-19T13:43:53.99258+05:30"
